github.com/dozerokz/logger v0.0.0-20251015092950-b6446553b62d h1:dSW5wvyJox2JRgQHHUxul57/tyHpr7b74v3C1zJ2i1o=
github.com/dozerokz/logger v0.0.0-20251015092950-b6446553b62d/go.mod h1:Qtidju8SjDar/0gpFxEeBfTq3rynpFkPTLIoRPKUWAg=
github.com/joho/godotenv v1.5.1 h1:7eLL/+HRGLY0ldzfGMeQkb7vMd0as4CfYvUVzLqw0N0=
github.com/joho/godotenv v1.5.1/go.mod h1:f4LDr5Voq0i2e/R5DDNOoa2zzDfwtkZa6DnEwAbqwq4=
